// !$*UTF8*$!
{
	archiveVersion = 1;
	classes = {
	};
	objectVersion = 46;
	objects = {

/* Begin PBXBuildFile section */
		7AF3A8F11ADD97A30076BF35 /* AppDelegate.swift in Sources */ = {isa = PBXBuildFile; fileRef = 7AF3A8F01ADD97A30076BF35 /* AppDelegate.swift */; };
		7AF3A8F31ADD97A30076BF35 /* ViewController.swift in Sources */ = {isa = PBXBuildFile; fileRef = 7AF3A8F21ADD97A30076BF35 /* ViewController.swift */; };
		7AF3A8F61ADD97A30076BF35 /* Main.storyboard in Resources */ = {isa = PBXBuildFile; fileRef = 7AF3A8F41ADD97A30076BF35 /* Main.storyboard */; };
		7AF3A8F81ADD97A30076BF35 /* Images.xcassets in Resources */ = {isa = PBXBuildFile; fileRef = 7AF3A8F71ADD97A30076BF35 /* Images.xcassets */; };
		7AF3A8FB1ADD97A30076BF35 /* LaunchScreen.xib in Resources */ = {isa = PBXBuildFile; fileRef = 7AF3A8F91ADD97A30076BF35 /* LaunchScreen.xib */; };
		7AF3A9071ADD97A30076BF35 /* Downloading_Web_ContentTests.swift in Sources */ = {isa = PBXBuildFile; fileRef = 7AF3A9061ADD97A30076BF35 /* Downloading_Web_ContentTests.swift */; };
/* End PBXBuildFile section */

/* Begin PBXContainerItemProxy section */
		7AF3A9011ADD97A30076BF35 /* PBXContainerItemProxy */ = {
			isa = PBXContainerItemProxy;
			containerPortal = 7AF3A8E31ADD97A30076BF35 /* Project object */;
			proxyType = 1;
			remoteGlobalIDString = 7AF3A8EA1ADD97A30076BF35;
			remoteInfo = "Downloading Web Content";
		};
/* End PBXContainerItemProxy section */

/* Begin PBXFileReference section */
		7AF3A8EB1ADD97A30076BF35 /* Downloading Web Content.app */ = {isa = PBXFileReference; explicitFileType = wrapper.application; includeInIndex = 0; path = "Downloading Web Content.app"; sourceTree = BUILT_PRODUCTS_DIR; };
		7AF3A8EF1ADD97A30076BF35 /* Info.plist */ = {isa = PBXFileReference; lastKnownFileType = text.plist.xml; path = Info.plist; sourceTree = "<group>"; };
		7AF3A8F01ADD97A30076BF35 /* AppDelegate.swift */ = {isa = PBXFileReference; lastKnownFileType = sourcecode.swift; path = AppDelegate.swift; sourceTree = "<group>"; };
		7AF3A8F21ADD97A30076BF35 /* ViewController.swift */ = {isa = PBXFileReference; lastKnownFileType = sourcecode.swift; path = ViewController.swift; sourceTree = "<group>"; };
		7AF3A8F51ADD97A30076BF35 /* Base */ = {isa = PBXFileReference; lastKnownFileType = file.storyboard; name = Base; path = Base.lproj/Main.storyboard; sourceTree = "<group>"; };
		7AF3A8F71ADD97A30076BF35 /* Images.xcassets */ = {isa = PBXFileReference; lastKnownFileType = folder.assetcatalog; path = Images.xcassets; sourceTree = "<group>"; };
		7AF3A8FA1ADD97A30076BF35 /* Base */ = {isa = PBXFileReference; lastKnownFileType = file.xib; name = Base; path = Base.lproj/LaunchScreen.xib; sourceTree = "<group>"; };
		7AF3A9001ADD97A30076BF35 /* Downloading Web ContentTests.xctest */ = {isa = PBXFileReference; explicitFileType = wrapper.cfbundle; includeInIndex = 0; path = "Downloading Web ContentTests.xctest"; sourceTree = BUILT_PRODUCTS_DIR; };
		7AF3A9051ADD97A30076BF35 /* Info.plist */ = {isa = PBXFileReference; lastKnownFileType = text.plist.xml; path = Info.plist; sourceTree = "<group>"; };
		7AF3A9061ADD97A30076BF35 /* Downloading_Web_ContentTests.swift */ = {isa = PBXFileReference; lastKnownFileType = sourcecode.swift; path = Downloading_Web_ContentTests.swift; sourceTree = "<group>"; };
/* End PBXFileReference section */

/* Begin PBXFrameworksBuildPhase section */
		7AF3A8E81ADD97A30076BF35 /* Frameworks */ = {
			isa = PBXFrameworksBuildPhase;
			buildActionMask = 2147483647;
			files = (
			);
			runOnlyForDeploymentPostprocessing = 0;
		};
		7AF3A8FD1ADD97A30076BF35 /* Frameworks */ = {
			isa = PBXFrameworksBuildPhase;
			buildActionMask = 2147483647;
			files = (
			);
			runOnlyForDeploymentPostprocessing = 0;
		};
/* End PBXFrameworksBuildPhase section */

/* Begin PBXGroup section */
		7AF3A8E21ADD97A30076BF35 = {
			isa = PBXGroup;
			children = (
				7AF3A8ED1ADD97A30076BF35 /* Downloading Web Content */,
				7AF3A9031ADD97A30076BF35 /* Downloading Web ContentTests */,
				7AF3A8EC1ADD97A30076BF35 /* Products */,
			);
			sourceTree = "<group>";
		};
		7AF3A8EC1ADD97A30076BF35 /* Products */ = {
			isa = PBXGroup;
			children = (
				7AF3A8EB1ADD97A30076BF35 /* Downloading Web Content.app */,
				7AF3A9001ADD97A30076BF35 /* Downloading Web ContentTests.xctest */,
			);
			name = Products;
			sourceTree = "<group>";
		};
		7AF3A8ED1ADD97A30076BF35 /* Downloading Web Content */ = {
			isa = PBXGroup;
			children = (
				7AF3A8F01ADD97A30076BF35 /* AppDelegate.swift */,
				7AF3A8F21ADD97A30076BF35 /* ViewController.swift */,
				7AF3A8F41ADD97A30076BF35 /* Main.storyboard */,
				7AF3A8F71ADD97A30076BF35 /* Images.xcassets */,
				7AF3A8F91ADD97A30076BF35 /* LaunchScreen.xib */,
				7AF3A8EE1ADD97A30076BF35 /* Supporting Files */,
			);
			path = "Downloading Web Content";
			sourceTree = "<group>";
		};
		7AF3A8EE1ADD97A30076BF35 /* Supporting Files */ = {
			isa = PBXGroup;
			children = (
				7AF3A8EF1ADD97A30076BF35 /* Info.plist */,
			);
			name = "Supporting Files";
			sourceTree = "<group>";
		};
		7AF3A9031ADD97A30076BF35 /* Downloading Web ContentTests */ = {
			isa = PBXGroup;
			children = (
				7AF3A9061ADD97A30076BF35 /* Downloading_Web_ContentTests.swift */,
				7AF3A9041ADD97A30076BF35 /* Supporting Files */,
			);
			path = "Downloading Web ContentTests";
			sourceTree = "<group>";
		};
		7AF3A9041ADD97A30076BF35 /* Supporting Files */ = {
			isa = PBXGroup;
			children = (
				7AF3A9051ADD97A30076BF35 /* Info.plist */,
			);
			name = "Supporting Files";
			sourceTree = "<group>";
		};
/* End PBXGroup section */

/* Begin PBXNativeTarget section */
		7AF3A8EA1ADD97A30076BF35 /* Downloading Web Content */ = {
			isa = PBXNativeTarget;
			buildConfigurationList = 7AF3A90A1ADD97A40076BF35 /* Build configuration list for PBXNativeTarget "Downloading Web Content" */;
			buildPhases = (
				7AF3A8E71ADD97A30076BF35 /* Sources */,
				7AF3A8E81ADD97A30076BF35 /* Frameworks */,
				7AF3A8E91ADD97A30076BF35 /* Resources */,
			);
			buildRules = (
			);
			dependencies = (
			);
			name = "Downloading Web Content";
			productName = "Downloading Web Content";
			productReference = 7AF3A8EB1ADD97A30076BF35 /* Downloading Web Content.app */;
			productType = "com.apple.product-type.application";
		};
		7AF3A8FF1ADD97A30076BF35 /* Downloading Web ContentTests */ = {
			isa = PBXNativeTarget;
			buildConfigurationList = 7AF3A90D1ADD97A40076BF35 /* Build configuration list for PBXNativeTarget "Downloading Web ContentTests" */;
			buildPhases = (
				7AF3A8FC1ADD97A30076BF35 /* Sources */,
				7AF3A8FD1ADD97A30076BF35 /* Frameworks */,
				7AF3A8FE1ADD97A30076BF35 /* Resources */,
			);
			buildRules = (
			);
			dependencies = (
				7AF3A9021ADD97A30076BF35 /* PBXTargetDependency */,
			);
			name = "Downloading Web ContentTests";
			productName = "Downloading Web ContentTests";
			productReference = 7AF3A9001ADD97A30076BF35 /* Downloading Web ContentTests.xctest */;
			productType = "com.apple.product-type.bundle.unit-test";
		};
/* End PBXNativeTarget section */

/* Begin PBXProject section */
		7AF3A8E31ADD97A30076BF35 /* Project object */ = {
			isa = PBXProject;
			attributes = {
				LastUpgradeCheck = 0610;
				ORGANIZATIONNAME = Slickrick;
				TargetAttributes = {
					7AF3A8EA1ADD97A30076BF35 = {
						CreatedOnToolsVersion = 6.1.1;
					};
					7AF3A8FF1ADD97A30076BF35 = {
						CreatedOnToolsVersion = 6.1.1;
						TestTargetID = 7AF3A8EA1ADD97A30076BF35;
					};
				};
			};
			buildConfigurationList = 7AF3A8E61ADD97A30076BF35 /* Build configuration list for PBXProject "Downloading Web Content" */;
			compatibilityVersion = "Xcode 3.2";
			developmentRegion = English;
			hasScannedForEncodings = 0;
			knownRegions = (
				en,
				Base,
			);
			mainGroup = 7AF3A8E21ADD97A30076BF35;
			productRefGroup = 7AF3A8EC1ADD97A30076BF35 /* Products */;
			projectDirPath = "";
			projectRoot = "";
			targets = (
				7AF3A8EA1ADD97A30076BF35 /* Downloading Web Content */,
				7AF3A8FF1ADD97A30076BF35 /* Downloading Web ContentTests */,
			);
		};
/* End PBXProject section */

/* Begin PBXResourcesBuildPhase section */
		7AF3A8E91ADD97A30076BF35 /* Resources */ = {
			isa = PBXResourcesBuildPhase;
			buildActionMask = 2147483647;
			files = (
				7AF3A8F61ADD97A30076BF35 /* Main.storyboard in Resources */,
				7AF3A8FB1ADD97A30076BF35 /* LaunchScreen.xib in Resources */,
				7AF3A8F81ADD97A30076BF35 /* Images.xcassets in Resources */,
			);
			runOnlyForDeploymentPostprocessing = 0;
		};
		7AF3A8FE1ADD97A30076BF35 /* Resources */ = {
			isa = PBXResourcesBuildPhase;
			buildActionMask = 2147483647;
			files = (
			);
			runOnlyForDeploymentPostprocessing = 0;
		};
/* End PBXResourcesBuildPhase section */

/* Begin PBXSourcesBuildPhase section */
		7AF3A8E71ADD97A30076BF35 /* Sources */ = {
			isa = PBXSourcesBuildPhase;
			buildActionMask = 2147483647;
			files = (
				7AF3A8F31ADD97A30076BF35 /* ViewController.swift in Sources */,
				7AF3A8F11ADD97A30076BF35 /* AppDelegate.swift in Sources */,
			);
			runOnlyForDeploymentPostprocessing = 0;
		};
		7AF3A8FC1ADD97A30076BF35 /* Sources */ = {
			isa = PBXSourcesBuildPhase;
			buildActionMask = 2147483647;
			files = (
				7AF3A9071ADD97A30076BF35 /* Downloading_Web_ContentTests.swift in Sources */,
			);
			runOnlyForDeploymentPostprocessing = 0;
		};
/* End PBXSourcesBuildPhase section */

/* Begin PBXTargetDependency section */
		7AF3A9021ADD97A30076BF35 /* PBXTargetDependency */ = {
			isa = PBXTargetDependency;
			target = 7AF3A8EA1ADD97A30076BF35 /* Downloading Web Content */;
			targetProxy = 7AF3A9011ADD97A30076BF35 /* PBXContainerItemProxy */;
		};
/* End PBXTargetDependency section */

/* Begin PBXVariantGroup section */
		7AF3A8F41ADD97A30076BF35 /* Main.storyboard */ = {
			isa = PBXVariantGroup;
			children = (
				7AF3A8F51ADD97A30076BF35 /* Base */,
			);
			name = Main.storyboard;
			sourceTree = "<group>";
		};
		7AF3A8F91ADD97A30076BF35 /* LaunchScreen.xib */ = {
			isa = PBXVariantGroup;
			children = (
				7AF3A8FA1ADD97A30076BF35 /* Base */,
			);
			name = LaunchScreen.xib;
			sourceTree = "<group>";
		};
/* End PBXVariantGroup section */

/* Begin XCBuildConfiguration section */
		7AF3A9081ADD97A40076BF35 /* Debug */ = {
			isa = XCBuildConfiguration;
			buildSettings = {
				ALWAYS_SEARCH_USER_PATHS = NO;
				CLANG_CXX_LANGUAGE_STANDARD = "gnu++0x";
				CLANG_CXX_LIBRARY = "libc++";
				CLANG_ENABLE_MODULES = YES;
				CLANG_ENABLE_OBJC_ARC = YES;
				CLANG_WARN_BOOL_CONVERSION = YES;
				CLANG_WARN_CONSTANT_CONVERSION = YES;
				CLANG_WARN_DIRECT_OBJC_ISA_USAGE = YES_ERROR;
				CLANG_WARN_EMPTY_BODY = YES;
				CLANG_WARN_ENUM_CONVERSION = YES;
				CLANG_WARN_INT_CONVERSION = YES;
				CLANG_WARN_OBJC_ROOT_CLASS = YES_ERROR;
				CLANG_WARN_UNREACHABLE_CODE = YES;
				CLANG_WARN__DUPLICATE_METHOD_MATCH = YES;
				"CODE_SIGN_IDENTITY[sdk=iphoneos*]" = "iPhone Developer";
				COPY_PHASE_STRIP = NO;
				ENABLE_STRICT_OBJC_MSGSEND = YES;
				GCC_C_LANGUAGE_STANDARD = gnu99;
				GCC_DYNAMIC_NO_PIC = NO;
				GCC_OPTIMIZATION_LEVEL = 0;
				GCC_PREPROCESSOR_DEFINITIONS = (
					"DEBUG=1",
					"$(inherited)",
				);
				GCC_SYMBOLS_PRIVATE_EXTERN = NO;
				GCC_WARN_64_TO_32_BIT_CONVERSION = YES;
				GCC_WARN_ABOUT_RETURN_TYPE = YES_ERROR;
				GCC_WARN_UNDECLARED_SELECTOR = YES;
				GCC_WARN_UNINITIALIZED_AUTOS = YES_AGGRESSIVE;
				GCC_WARN_UNUSED_FUNCTION = YES;
				GCC_WARN_UNUSED_VARIABLE = YES;
				IPHONEOS_DEPLOYMENT_TARGET = 8.1;
				MTL_ENABLE_DEBUG_INFO = YES;
				ONLY_ACTIVE_ARCH = YES;
				SDKROOT = iphoneos;
				SWIFT_OPTIMIZATION_LEVEL = "-Onone";
			};
			name = Debug;
		};
		7AF3A9091ADD97A40076BF35 /* Release */ = {
			isa = XCBuildConfiguration;
			buildSettings = {
				ALWAYS_SEARCH_USER_PATHS = NO;
				CLANG_CXX_LANGUAGE_STANDARD = "gnu++0x";
				CLANG_CXX_LIBRARY = "libc++";
				CLANG_ENABLE_MODULES = YES;
				CLANG_ENABLE_OBJC_ARC = YES;
				CLANG_WARN_BOOL_CONVERSION = YES;
				CLANG_WARN_CONSTANT_CONVERSION = YES;
				CLANG_WARN_DIRECT_OBJC_ISA_USAGE = YES_ERROR;
				CLANG_WARN_EMPTY_BODY = YES;
				CLANG_WARN_ENUM_CONVERSION = YES;
				CLANG_WARN_INT_CONVERSION = YES;
				CLANG_WARN_OBJC_ROOT_CLASS = YES_ERROR;
				CLANG_WARN_UNREACHABLE_CODE = YES;
				CLANG_WARN__DUPLICATE_METHOD_MATCH = YES;
				"CODE_SIGN_IDENTITY[sdk=iphoneos*]" = "iPhone Developer";
				COPY_PHASE_STRIP = YES;
				ENABLE_NS_ASSERTIONS = NO;
				ENABLE_STRICT_OBJC_MSGSEND = YES;
				GCC_C_LANGUAGE_STANDARD = gnu99;
				GCC_WARN_64_TO_32_BIT_CONVERSION = YES;
				GCC_WARN_ABOUT_RETURN_TYPE = YES_ERROR;
				GCC_WARN_UNDECLARED_SELECTOR = YES;
				GCC_WARN_UNINITIALIZED_AUTOS = YES_AGGRESSIVE;
				GCC_WARN_UNUSED_FUNCTION = YES;
				GCC_WARN_UNUSED_VARIABLE = YES;
				IPHONEOS_DEPLOYMENT_TARGET = 8.1;
				MTL_ENABLE_DEBUG_INFO = NO;
				SDKROOT = iphoneos;
				VALIDATE_PRODUCT = YES;
			};
			name = Release;
		};
		7AF3A90B1ADD97A40076BF35 /* Debug */ = {
			isa = XCBuildConfiguration;
			buildSettings = {
				ASSETCATALOG_COMPILER_APPICON_NAME = AppIcon;
				INFOPLIST_FILE = "Downloading Web Content/Info.plist";
				LD_RUNPATH_SEARCH_PATHS = "$(inherited) @executable_path/Frameworks";
				PRODUCT_NAME = "$(TARGET_NAME)";
			};
			name = Debug;
		};
		7AF3A90C1ADD97A40076BF35 /* Release */ = {
			isa = XCBuildConfiguration;
			buildSettings = {
				ASSETCATALOG_COMPILER_APPICON_NAME = AppIcon;
				INFOPLIST_FILE = "Downloading Web Content/Info.plist";
				LD_RUNPATH_SEARCH_PATHS = "$(inherited) @executable_path/Frameworks";
				PRODUCT_NAME = "$(TARGET_NAME)";
			};
			name = Release;
		};
		7AF3A90E1ADD97A40076BF35 /* Debug */ = {
			isa = XCBuildConfiguration;
			buildSettings = {
				BUNDLE_LOADER = "$(TEST_HOST)";
				FRAMEWORK_SEARCH_PATHS = (
					"$(SDKROOT)/Developer/Library/Frameworks",
					"$(inherited)",
				);
				GCC_PREPROCESSOR_DEFINITIONS = (
					"DEBUG=1",
					"$(inherited)",
				);
				INFOPLIST_FILE = "Downloading Web ContentTests/Info.plist";
				LD_RUNPATH_SEARCH_PATHS = "$(inherited) @executable_path/Frameworks @loader_path/Frameworks";
				PRODUCT_NAME = "$(TARGET_NAME)";
				TEST_HOST = "$(BUILT_PRODUCTS_DIR)/Downloading Web Content.app/Downloading Web Content";
			};
			name = Debug;
		};
		7AF3A90F1ADD97A40076BF35 /* Release */ = {
			isa = XCBuildConfiguration;
			buildSettings = {
				BUNDLE_LOADER = "$(TEST_HOST)";
				FRAMEWORK_SEARCH_PATHS = (
					"$(SDKROOT)/Developer/Library/Frameworks",
					"$(inherited)",
				);
				INFOPLIST_FILE = "Downloading Web ContentTests/Info.plist";
				LD_RUNPATH_SEARCH_PATHS = "$(inherited) @executable_path/Frameworks @loader_path/Frameworks";
				PRODUCT_NAME = "$(TARGET_NAME)";
				TEST_HOST = "$(BUILT_PRODUCTS_DIR)/Downloading Web Content.app/Downloading Web Content";
			};
			name = Release;
		};
/* End XCBuildConfiguration section */

/* Begin XCConfigurationList section */
		7AF3A8E61ADD97A30076BF35 /* Build configuration list for PBXProject "Downloading Web Content" */ = {
			isa = XCConfigurationList;
			buildConfigurations = (
				7AF3A9081ADD97A40076BF35 /* Debug */,
				7AF3A9091ADD97A40076BF35 /* Release */,
			);
			defaultConfigurationIsVisible = 0;
			defaultConfigurationName = Release;
		};
		7AF3A90A1ADD97A40076BF35 /* Build configuration list for PBXNativeTarget "Downloading Web Content" */ = {
			isa = XCConfigurationList;
			buildConfigurations = (
				7AF3A90B1ADD97A40076BF35 /* Debug */,
				7AF3A90C1ADD97A40076BF35 /* Release */,
			);
			defaultConfigurationIsVisible = 0;
		};
		7AF3A90D1ADD97A40076BF35 /* Build configuration list for PBXNativeTarget "Downloading Web ContentTests" */ = {
			isa = XCConfigurationList;
			buildConfigurations = (
				7AF3A90E1ADD97A40076BF35 /* Debug */,
				7AF3A90F1ADD97A40076BF35 /* Release */,
			);
			defaultConfigurationIsVisible = 0;
		};
/* End XCConfigurationList section */
	};
	rootObject = 7AF3A8E31ADD97A30076BF35 /* Project object */;
}
